
Microsoft Visual Studio Solution File, Format Version 12.00
# Visual Studio Version 17
VisualStudioVersion = 17.10.34916.146
MinimumVisualStudioVersion = 10.0.40219.1
Project("{9A19103F-16F7-4668-BE54-9A1E7A4F7556}") = "testAngularAPI.Server", "testAngularAPI.Server\testAngularAPI.Server.csproj", "{D4F2DF1D-243C-428F-888F-B032ED52F71F}"
EndProject
Project("{54A90642-561A-4BB1-A94E-469ADEE60C69}") = "testangularapi.client", "app\testangularapi.client.esproj", "{19063832-241B-4393-8EFA-2906E8AE6955}"
EndProject
Project("{2150E333-8FDC-42A3-9474-1A3956D46DE8}") = "classfiles", "classfiles", "{04D54D27-43C6-4622-A082-CCC701EC8967}"
EndProject
Project("{9A19103F-16F7-4668-BE54-9A1E7A4F7556}") = "Application", "classfiles\Application\Application.csproj", "{4EB60A88-AC20-4D51-BC5B-17F8334502D5}"
EndProject
Project("{9A19103F-16F7-4668-BE54-9A1E7A4F7556}") = "Domain", "classfiles\Domain\Domain.csproj", "{2873B7DF-AF98-4812-902D-68B638546ED2}"
EndProject
Project("{9A19103F-16F7-4668-BE54-9A1E7A4F7556}") = "Infrastructure", "classfiles\Infrastructure\Infrastructure.csproj", "{AFB330E4-4058-4E81-9ECE-133B6AC78368}"
EndProject
Project("{9A19103F-16F7-4668-BE54-9A1E7A4F7556}") = "MongoDBBackend", "classfiles\MongoDBBackend\MongoDBBackend.csproj", "{933334BA-0400-428B-A19A-0C9A702FCB93}"
EndProject
Project("{9A19103F-16F7-4668-BE54-9A1E7A4F7556}") = "SampleData", "classfiles\SampleData\SampleData.csproj", "{17925ADC-3C86-4646-89F0-D4C27FD0F380}"
EndProject
Project("{9A19103F-16F7-4668-BE54-9A1E7A4F7556}") = "WebApi", "WebApi\WebApi.csproj", "{7626CD2B-EB06-42D1-B091-7023E8DEFDFE}"
EndProject
Project("{2150E333-8FDC-42A3-9474-1A3956D46DE8}") = "Document", "Document", "{D163D16B-CB11-49B1-8A22-1B27EE08FC20}"
EndProject
Project("{9A19103F-16F7-4668-BE54-9A1E7A4F7556}") = "Project.Documentation", "Project.Documentation\Project.Documentation.csproj", "{2601C8AF-B085-4611-B3C2-C8BC5E00F60F}"
EndProject
Project("{2150E333-8FDC-42A3-9474-1A3956D46DE8}") = "DataBackup", "DataBackup", "{E05F1733-58F2-4924-84DC-7C9FD5EEF6B5}"
	ProjectSection(SolutionItems) = preProject
		..\..\..\..\..\Downloads\ListingDB\allergies.bson.gz = ..\..\..\..\..\Downloads\ListingDB\allergies.bson.gz
		..\..\..\..\..\Downloads\ListingDB\allergies.metadata.json.gz = ..\..\..\..\..\Downloads\ListingDB\allergies.metadata.json.gz
		..\..\..\..\..\Downloads\ListingDB\bookings.bson.gz = ..\..\..\..\..\Downloads\ListingDB\bookings.bson.gz
		..\..\..\..\..\Downloads\ListingDB\bookings.metadata.json.gz = ..\..\..\..\..\Downloads\ListingDB\bookings.metadata.json.gz
		..\..\..\..\..\Downloads\ListingDB\booking_sources.bson.gz = ..\..\..\..\..\Downloads\ListingDB\booking_sources.bson.gz
		..\..\..\..\..\Downloads\ListingDB\booking_sources.metadata.json.gz = ..\..\..\..\..\Downloads\ListingDB\booking_sources.metadata.json.gz
		..\..\..\..\..\Downloads\ListingDB\guests.bson.gz = ..\..\..\..\..\Downloads\ListingDB\guests.bson.gz
		..\..\..\..\..\Downloads\ListingDB\guests.metadata.json.gz = ..\..\..\..\..\Downloads\ListingDB\guests.metadata.json.gz
		..\..\..\..\..\Downloads\ListingDB\KeyCounter.bson.gz = ..\..\..\..\..\Downloads\ListingDB\KeyCounter.bson.gz
		..\..\..\..\..\Downloads\ListingDB\KeyCounter.metadata.json.gz = ..\..\..\..\..\Downloads\ListingDB\KeyCounter.metadata.json.gz
		..\..\..\..\..\Downloads\ListingDB\MenuPermissions.bson.gz = ..\..\..\..\..\Downloads\ListingDB\MenuPermissions.bson.gz
		..\..\..\..\..\Downloads\ListingDB\MenuPermissions.metadata.json.gz = ..\..\..\..\..\Downloads\ListingDB\MenuPermissions.metadata.json.gz
		..\..\..\..\..\Downloads\ListingDB\Menus.bson.gz = ..\..\..\..\..\Downloads\ListingDB\Menus.bson.gz
		..\..\..\..\..\Downloads\ListingDB\Menus.metadata.json.gz = ..\..\..\..\..\Downloads\ListingDB\Menus.metadata.json.gz
		..\..\..\..\..\Downloads\ListingDB\payment_statuses.bson.gz = ..\..\..\..\..\Downloads\ListingDB\payment_statuses.bson.gz
		..\..\..\..\..\Downloads\ListingDB\payment_statuses.metadata.json.gz = ..\..\..\..\..\Downloads\ListingDB\payment_statuses.metadata.json.gz
		..\..\..\..\..\Downloads\ListingDB\preferred_contact_methods.bson.gz = ..\..\..\..\..\Downloads\ListingDB\preferred_contact_methods.bson.gz
		..\..\..\..\..\Downloads\ListingDB\preferred_contact_methods.metadata.json.gz = ..\..\..\..\..\Downloads\ListingDB\preferred_contact_methods.metadata.json.gz
		..\..\..\..\..\Downloads\ListingDB\Property.bson.gz = ..\..\..\..\..\Downloads\ListingDB\Property.bson.gz
		..\..\..\..\..\Downloads\ListingDB\Property.metadata.json.gz = ..\..\..\..\..\Downloads\ListingDB\Property.metadata.json.gz
		..\..\..\..\..\Downloads\ListingDB\rooms.bson.gz = ..\..\..\..\..\Downloads\ListingDB\rooms.bson.gz
		..\..\..\..\..\Downloads\ListingDB\rooms.metadata.json.gz = ..\..\..\..\..\Downloads\ListingDB\rooms.metadata.json.gz
		..\..\..\..\..\Downloads\ListingDB\staff.bson.gz = ..\..\..\..\..\Downloads\ListingDB\staff.bson.gz
		..\..\..\..\..\Downloads\ListingDB\staff.metadata.json.gz = ..\..\..\..\..\Downloads\ListingDB\staff.metadata.json.gz
		..\..\..\..\..\Downloads\ListingDB\Users.bson.gz = ..\..\..\..\..\Downloads\ListingDB\Users.bson.gz
		..\..\..\..\..\Downloads\ListingDB\Users.metadata.json.gz = ..\..\..\..\..\Downloads\ListingDB\Users.metadata.json.gz
	EndProjectSection
EndProject
Project("{9A19103F-16F7-4668-BE54-9A1E7A4F7556}") = "APIUnitProject.Tests", "APIUnitProject.Tests\APIUnitProject.Tests.csproj", "{72FAD0C2-922C-464D-8405-4D2829D613A7}"
EndProject
Global
	GlobalSection(SolutionConfigurationPlatforms) = preSolution
		Debug|Any CPU = Debug|Any CPU
		Release|Any CPU = Release|Any CPU
	EndGlobalSection
	GlobalSection(ProjectConfigurationPlatforms) = postSolution
		{D4F2DF1D-243C-428F-888F-B032ED52F71F}.Debug|Any CPU.ActiveCfg = Debug|Any CPU
		{D4F2DF1D-243C-428F-888F-B032ED52F71F}.Debug|Any CPU.Build.0 = Debug|Any CPU
		{D4F2DF1D-243C-428F-888F-B032ED52F71F}.Release|Any CPU.ActiveCfg = Release|Any CPU
		{D4F2DF1D-243C-428F-888F-B032ED52F71F}.Release|Any CPU.Build.0 = Release|Any CPU
		{19063832-241B-4393-8EFA-2906E8AE6955}.Debug|Any CPU.ActiveCfg = Debug|Any CPU
		{19063832-241B-4393-8EFA-2906E8AE6955}.Debug|Any CPU.Build.0 = Debug|Any CPU
		{19063832-241B-4393-8EFA-2906E8AE6955}.Debug|Any CPU.Deploy.0 = Debug|Any CPU
		{19063832-241B-4393-8EFA-2906E8AE6955}.Release|Any CPU.ActiveCfg = Release|Any CPU
		{19063832-241B-4393-8EFA-2906E8AE6955}.Release|Any CPU.Build.0 = Release|Any CPU
		{19063832-241B-4393-8EFA-2906E8AE6955}.Release|Any CPU.Deploy.0 = Release|Any CPU
		{4EB60A88-AC20-4D51-BC5B-17F8334502D5}.Debug|Any CPU.ActiveCfg = Debug|Any CPU
		{4EB60A88-AC20-4D51-BC5B-17F8334502D5}.Debug|Any CPU.Build.0 = Debug|Any CPU
		{4EB60A88-AC20-4D51-BC5B-17F8334502D5}.Release|Any CPU.ActiveCfg = Release|Any CPU
		{4EB60A88-AC20-4D51-BC5B-17F8334502D5}.Release|Any CPU.Build.0 = Release|Any CPU
		{2873B7DF-AF98-4812-902D-68B638546ED2}.Debug|Any CPU.ActiveCfg = Debug|Any CPU
		{2873B7DF-AF98-4812-902D-68B638546ED2}.Debug|Any CPU.Build.0 = Debug|Any CPU
		{2873B7DF-AF98-4812-902D-68B638546ED2}.Release|Any CPU.ActiveCfg = Release|Any CPU
		{2873B7DF-AF98-4812-902D-68B638546ED2}.Release|Any CPU.Build.0 = Release|Any CPU
		{AFB330E4-4058-4E81-9ECE-133B6AC78368}.Debug|Any CPU.ActiveCfg = Debug|Any CPU
		{AFB330E4-4058-4E81-9ECE-133B6AC78368}.Debug|Any CPU.Build.0 = Debug|Any CPU
		{AFB330E4-4058-4E81-9ECE-133B6AC78368}.Release|Any CPU.ActiveCfg = Release|Any CPU
		{AFB330E4-4058-4E81-9ECE-133B6AC78368}.Release|Any CPU.Build.0 = Release|Any CPU
		{933334BA-0400-428B-A19A-0C9A702FCB93}.Debug|Any CPU.ActiveCfg = Debug|Any CPU
		{933334BA-0400-428B-A19A-0C9A702FCB93}.Debug|Any CPU.Build.0 = Debug|Any CPU
		{933334BA-0400-428B-A19A-0C9A702FCB93}.Release|Any CPU.ActiveCfg = Release|Any CPU
		{933334BA-0400-428B-A19A-0C9A702FCB93}.Release|Any CPU.Build.0 = Release|Any CPU
		{17925ADC-3C86-4646-89F0-D4C27FD0F380}.Debug|Any CPU.ActiveCfg = Debug|Any CPU
		{17925ADC-3C86-4646-89F0-D4C27FD0F380}.Debug|Any CPU.Build.0 = Debug|Any CPU
		{17925ADC-3C86-4646-89F0-D4C27FD0F380}.Release|Any CPU.ActiveCfg = Release|Any CPU
		{17925ADC-3C86-4646-89F0-D4C27FD0F380}.Release|Any CPU.Build.0 = Release|Any CPU
		{7626CD2B-EB06-42D1-B091-7023E8DEFDFE}.Debug|Any CPU.ActiveCfg = Debug|Any CPU
		{7626CD2B-EB06-42D1-B091-7023E8DEFDFE}.Debug|Any CPU.Build.0 = Debug|Any CPU
		{7626CD2B-EB06-42D1-B091-7023E8DEFDFE}.Release|Any CPU.ActiveCfg = Release|Any CPU
		{7626CD2B-EB06-42D1-B091-7023E8DEFDFE}.Release|Any CPU.Build.0 = Release|Any CPU
		{2601C8AF-B085-4611-B3C2-C8BC5E00F60F}.Debug|Any CPU.ActiveCfg = Debug|Any CPU
		{2601C8AF-B085-4611-B3C2-C8BC5E00F60F}.Debug|Any CPU.Build.0 = Debug|Any CPU
		{2601C8AF-B085-4611-B3C2-C8BC5E00F60F}.Release|Any CPU.ActiveCfg = Release|Any CPU
		{2601C8AF-B085-4611-B3C2-C8BC5E00F60F}.Release|Any CPU.Build.0 = Release|Any CPU
		{72FAD0C2-922C-464D-8405-4D2829D613A7}.Debug|Any CPU.ActiveCfg = Debug|Any CPU
		{72FAD0C2-922C-464D-8405-4D2829D613A7}.Debug|Any CPU.Build.0 = Debug|Any CPU
		{72FAD0C2-922C-464D-8405-4D2829D613A7}.Release|Any CPU.ActiveCfg = Release|Any CPU
		{72FAD0C2-922C-464D-8405-4D2829D613A7}.Release|Any CPU.Build.0 = Release|Any CPU
	EndGlobalSection
	GlobalSection(SolutionProperties) = preSolution
		HideSolutionNode = FALSE
	EndGlobalSection
	GlobalSection(NestedProjects) = preSolution
		{4EB60A88-AC20-4D51-BC5B-17F8334502D5} = {04D54D27-43C6-4622-A082-CCC701EC8967}
		{2873B7DF-AF98-4812-902D-68B638546ED2} = {04D54D27-43C6-4622-A082-CCC701EC8967}
		{AFB330E4-4058-4E81-9ECE-133B6AC78368} = {04D54D27-43C6-4622-A082-CCC701EC8967}
		{933334BA-0400-428B-A19A-0C9A702FCB93} = {04D54D27-43C6-4622-A082-CCC701EC8967}
		{17925ADC-3C86-4646-89F0-D4C27FD0F380} = {04D54D27-43C6-4622-A082-CCC701EC8967}
		{2601C8AF-B085-4611-B3C2-C8BC5E00F60F} = {D163D16B-CB11-49B1-8A22-1B27EE08FC20}
		{E05F1733-58F2-4924-84DC-7C9FD5EEF6B5} = {D163D16B-CB11-49B1-8A22-1B27EE08FC20}
	EndGlobalSection
	GlobalSection(ExtensibilityGlobals) = postSolution
		SolutionGuid = {DDC5D4E3-E2A6-4094-A49F-AAB2750BC819}
	EndGlobalSection
EndGlobal
